
Microsoft Visual Studio Solution File, Format Version 12.00
# Visual Studio Version 17
VisualStudioVersion = 17.5.33627.172
MinimumVisualStudioVersion = 10.0.40219.1
Project("{FAE04EC0-301F-11D3-BF4B-00C04F79EFBC}") = "lab_5q3", "lab_5q3.csproj", "{5D34BA0A-58BA-44FA-AB79-326C600817B1}"
EndProject
Global
	GlobalSection(SolutionConfigurationPlatforms) = preSolution
		Debug|Any CPU = Debug|Any CPU
		Release|Any CPU = Release|Any CPU
	EndGlobalSection
	GlobalSection(ProjectConfigurationPlatforms) = postSolution
		{5D34BA0A-58BA-44FA-AB79-326C600817B1}.Debug|Any CPU.ActiveCfg = Debug|Any CPU
		{5D34BA0A-58BA-44FA-AB79-326C600817B1}.Debug|Any CPU.Build.0 = Debug|Any CPU
		{5D34BA0A-58BA-44FA-AB79-326C600817B1}.Release|Any CPU.ActiveCfg = Release|Any CPU
		{5D34BA0A-58BA-44FA-AB79-326C600817B1}.Release|Any CPU.Build.0 = Release|Any CPU
	EndGlobalSection
	GlobalSection(SolutionProperties) = preSolution
		HideSolutionNode = FALSE
	EndGlobalSection
	GlobalSection(ExtensibilityGlobals) = postSolution
		SolutionGuid = {A327BDD3-E3A2-4C3C-BF35-0DB5AB140526}
	EndGlobalSection
EndGlobal
